
Microsoft Visual Studio Solution File, Format Version 12.00
# Visual Studio 15
VisualStudioVersion = 15.0.27703.2042
MinimumVisualStudioVersion = 10.0.40219.1
Project("{FAE04EC0-301F-11D3-BF4B-00C04F79EFBC}") = "CifradoE2E_UCN", "CifradoE2E_UCN\CifradoE2E_UCN.csproj", "{09ACC307-507A-414F-B43E-6BBF630133EF}"
EndProject
Global
	GlobalSection(SolutionConfigurationPlatforms) = preSolution
		Debug|Any CPU = Debug|Any CPU
		Release|Any CPU = Release|Any CPU
	EndGlobalSection
	GlobalSection(ProjectConfigurationPlatforms) = postSolution
		{09ACC307-507A-414F-B43E-6BBF630133EF}.Debug|Any CPU.ActiveCfg = Debug|Any CPU
		{09ACC307-507A-414F-B43E-6BBF630133EF}.Debug|Any CPU.Build.0 = Debug|Any CPU
		{09ACC307-507A-414F-B43E-6BBF630133EF}.Release|Any CPU.ActiveCfg = Release|Any CPU
		{09ACC307-507A-414F-B43E-6BBF630133EF}.Release|Any CPU.Build.0 = Release|Any CPU
	EndGlobalSection
	GlobalSection(SolutionProperties) = preSolution
		HideSolutionNode = FALSE
	EndGlobalSection
	GlobalSection(ExtensibilityGlobals) = postSolution
		SolutionGuid = {3CDEF82F-08CA-409E-87B5-FAC522E65F40}
	EndGlobalSection
EndGlobal
